
Microsoft Visual Studio Solution File, Format Version 12.00
# Visual Studio Version 17
VisualStudioVersion = 17.0.32014.148
MinimumVisualStudioVersion = 10.0.40219.1
Project("{9A19103F-16F7-4668-BE54-9A1E7A4F7556}") = "ParseMusicSite", "ParseMusicSite.csproj", "{FF6C4B0A-8E42-41E8-AE7A-52AB33685B67}"
EndProject
Global
	GlobalSection(SolutionConfigurationPlatforms) = preSolution
		Debug|Any CPU = Debug|Any CPU
		Release|Any CPU = Release|Any CPU
	EndGlobalSection
	GlobalSection(ProjectConfigurationPlatforms) = postSolution
		{FF6C4B0A-8E42-41E8-AE7A-52AB33685B67}.Debug|Any CPU.ActiveCfg = Debug|Any CPU
		{FF6C4B0A-8E42-41E8-AE7A-52AB33685B67}.Debug|Any CPU.Build.0 = Debug|Any CPU
		{FF6C4B0A-8E42-41E8-AE7A-52AB33685B67}.Release|Any CPU.ActiveCfg = Release|Any CPU
		{FF6C4B0A-8E42-41E8-AE7A-52AB33685B67}.Release|Any CPU.Build.0 = Release|Any CPU
	EndGlobalSection
	GlobalSection(SolutionProperties) = preSolution
		HideSolutionNode = FALSE
	EndGlobalSection
	GlobalSection(ExtensibilityGlobals) = postSolution
		SolutionGuid = {994AB334-666D-4D9D-8E25-4C3FC9CFB9E0}
	EndGlobalSection
EndGlobal
